// !$*UTF8*$!
{
	archiveVersion = 1;
	classes = {
	};
	objectVersion = 46;
	objects = {

/* Begin PBXBuildFile section */
		AD20967B19888B4100A45D08 /* Foundation.framework in Frameworks */ = {isa = PBXBuildFile; fileRef = AD20967A19888B4100A45D08 /* Foundation.framework */; };
		AD20967D19888B4100A45D08 /* CoreGraphics.framework in Frameworks */ = {isa = PBXBuildFile; fileRef = AD20967C19888B4100A45D08 /* CoreGraphics.framework */; };
		AD20967F19888B4100A45D08 /* UIKit.framework in Frameworks */ = {isa = PBXBuildFile; fileRef = AD20967E19888B4100A45D08 /* UIKit.framework */; };
		AD20968519888B4100A45D08 /* InfoPlist.strings in Resources */ = {isa = PBXBuildFile; fileRef = AD20968319888B4100A45D08 /* InfoPlist.strings */; };
		AD20968719888B4100A45D08 /* main.m in Sources */ = {isa = PBXBuildFile; fileRef = AD20968619888B4100A45D08 /* main.m */; };
		AD20968B19888B4100A45D08 /* MKBAppDelegate.m in Sources */ = {isa = PBXBuildFile; fileRef = AD20968A19888B4100A45D08 /* MKBAppDelegate.m */; };
		AD20968E19888B4100A45D08 /* Main.storyboard in Resources */ = {isa = PBXBuildFile; fileRef = AD20968C19888B4100A45D08 /* Main.storyboard */; };
		AD20969119888B4100A45D08 /* MKBViewController.m in Sources */ = {isa = PBXBuildFile; fileRef = AD20969019888B4100A45D08 /* MKBViewController.m */; };
		AD20969319888B4100A45D08 /* Images.xcassets in Resources */ = {isa = PBXBuildFile; fileRef = AD20969219888B4100A45D08 /* Images.xcassets */; };
		AD20969A19888B4100A45D08 /* XCTest.framework in Frameworks */ = {isa = PBXBuildFile; fileRef = AD20969919888B4100A45D08 /* XCTest.framework */; };
		AD20969B19888B4100A45D08 /* Foundation.framework in Frameworks */ = {isa = PBXBuildFile; fileRef = AD20967A19888B4100A45D08 /* Foundation.framework */; };
		AD20969C19888B4100A45D08 /* UIKit.framework in Frameworks */ = {isa = PBXBuildFile; fileRef = AD20967E19888B4100A45D08 /* UIKit.framework */; };
		AD2096A419888B4100A45D08 /* InfoPlist.strings in Resources */ = {isa = PBXBuildFile; fileRef = AD2096A219888B4100A45D08 /* InfoPlist.strings */; };
		AD2096A619888B4100A45D08 /* UITableViewController_Challenge_SolutionTests.m in Sources */ = {isa = PBXBuildFile; fileRef = AD2096A519888B4100A45D08 /* UITableViewController_Challenge_SolutionTests.m */; };
/* End PBXBuildFile section */

/* Begin PBXContainerItemProxy section */
		AD20969D19888B4100A45D08 /* PBXContainerItemProxy */ = {
			isa = PBXContainerItemProxy;
			containerPortal = AD20966F19888B4100A45D08 /* Project object */;
			proxyType = 1;
			remoteGlobalIDString = AD20967619888B4100A45D08;
			remoteInfo = "UITableViewController Challenge Solution";
		};
/* End PBXContainerItemProxy section */

/* Begin PBXFileReference section */
		AD20967719888B4100A45D08 /* UITableViewController Challenge Solution.app */ = {isa = PBXFileReference; explicitFileType = wrapper.application; includeInIndex = 0; path = "UITableViewController Challenge Solution.app"; sourceTree = BUILT_PRODUCTS_DIR; };
		AD20967A19888B4100A45D08 /* Foundation.framework */ = {isa = PBXFileReference; lastKnownFileType = wrapper.framework; name = Foundation.framework; path = System/Library/Frameworks/Foundation.framework; sourceTree = SDKROOT; };
		AD20967C19888B4100A45D08 /* CoreGraphics.framework */ = {isa = PBXFileReference; lastKnownFileType = wrapper.framework; name = CoreGraphics.framework; path = System/Library/Frameworks/CoreGraphics.framework; sourceTree = SDKROOT; };
		AD20967E19888B4100A45D08 /* UIKit.framework */ = {isa = PBXFileReference; lastKnownFileType = wrapper.framework; name = UIKit.framework; path = System/Library/Frameworks/UIKit.framework; sourceTree = SDKROOT; };
		AD20968219888B4100A45D08 /* UITableViewController Challenge Solution-Info.plist */ = {isa = PBXFileReference; lastKnownFileType = text.plist.xml; path = "UITableViewController Challenge Solution-Info.plist"; sourceTree = "<group>"; };
		AD20968419888B4100A45D08 /* en */ = {isa = PBXFileReference; lastKnownFileType = text.plist.strings; name = en; path = en.lproj/InfoPlist.strings; sourceTree = "<group>"; };
		AD20968619888B4100A45D08 /* main.m */ = {isa = PBXFileReference; lastKnownFileType = sourcecode.c.objc; path = main.m; sourceTree = "<group>"; };
		AD20968819888B4100A45D08 /* UITableViewController Challenge Solution-Prefix.pch */ = {isa = PBXFileReference; lastKnownFileType = sourcecode.c.h; path = "UITableViewController Challenge Solution-Prefix.pch"; sourceTree = "<group>"; };
		AD20968919888B4100A45D08 /* MKBAppDelegate.h */ = {isa = PBXFileReference; lastKnownFileType = sourcecode.c.h; path = MKBAppDelegate.h; sourceTree = "<group>"; };
		AD20968A19888B4100A45D08 /* MKBAppDelegate.m */ = {isa = PBXFileReference; lastKnownFileType = sourcecode.c.objc; path = MKBAppDelegate.m; sourceTree = "<group>"; };
		AD20968D19888B4100A45D08 /* Base */ = {isa = PBXFileReference; lastKnownFileType = file.storyboard; name = Base; path = Base.lproj/Main.storyboard; sourceTree = "<group>"; };
		AD20968F19888B4100A45D08 /* MKBViewController.h */ = {isa = PBXFileReference; lastKnownFileType = sourcecode.c.h; path = MKBViewController.h; sourceTree = "<group>"; };
		AD20969019888B4100A45D08 /* MKBViewController.m */ = {isa = PBXFileReference; lastKnownFileType = sourcecode.c.objc; path = MKBViewController.m; sourceTree = "<group>"; };
		AD20969219888B4100A45D08 /* Images.xcassets */ = {isa = PBXFileReference; lastKnownFileType = folder.assetcatalog; path = Images.xcassets; sourceTree = "<group>"; };
		AD20969819888B4100A45D08 /* UITableViewController Challenge SolutionTests.xctest */ = {isa = PBXFileReference; explicitFileType = wrapper.cfbundle; includeInIndex = 0; path = "UITableViewController Challenge SolutionTests.xctest"; sourceTree = BUILT_PRODUCTS_DIR; };
		AD20969919888B4100A45D08 /* XCTest.framework */ = {isa = PBXFileReference; lastKnownFileType = wrapper.framework; name = XCTest.framework; path = Library/Frameworks/XCTest.framework; sourceTree = DEVELOPER_DIR; };
		AD2096A119888B4100A45D08 /* UITableViewController Challenge SolutionTests-Info.plist */ = {isa = PBXFileReference; lastKnownFileType = text.plist.xml; path = "UITableViewController Challenge SolutionTests-Info.plist"; sourceTree = "<group>"; };
		AD2096A319888B4100A45D08 /* en */ = {isa = PBXFileReference; lastKnownFileType = text.plist.strings; name = en; path = en.lproj/InfoPlist.strings; sourceTree = "<group>"; };
		AD2096A519888B4100A45D08 /* UITableViewController_Challenge_SolutionTests.m */ = {isa = PBXFileReference; lastKnownFileType = sourcecode.c.objc; path = UITableViewController_Challenge_SolutionTests.m; sourceTree = "<group>"; };
/* End PBXFileReference section */

/* Begin PBXFrameworksBuildPhase section */
		AD20967419888B4100A45D08 /* Frameworks */ = {
			isa = PBXFrameworksBuildPhase;
			buildActionMask = 2147483647;
			files = (
				AD20967D19888B4100A45D08 /* CoreGraphics.framework in Frameworks */,
				AD20967F19888B4100A45D08 /* UIKit.framework in Frameworks */,
				AD20967B19888B4100A45D08 /* Foundation.framework in Frameworks */,
			);
			runOnlyForDeploymentPostprocessing = 0;
		};
		AD20969519888B4100A45D08 /* Frameworks */ = {
			isa = PBXFrameworksBuildPhase;
			buildActionMask = 2147483647;
			files = (
				AD20969A19888B4100A45D08 /* XCTest.framework in Frameworks */,
				AD20969C19888B4100A45D08 /* UIKit.framework in Frameworks */,
				AD20969B19888B4100A45D08 /* Foundation.framework in Frameworks */,
			);
			runOnlyForDeploymentPostprocessing = 0;
		};
/* End PBXFrameworksBuildPhase section */

/* Begin PBXGroup section */
		AD20966E19888B4100A45D08 = {
			isa = PBXGroup;
			children = (
				AD20968019888B4100A45D08 /* UITableViewController Challenge Solution */,
				AD20969F19888B4100A45D08 /* UITableViewController Challenge SolutionTests */,
				AD20967919888B4100A45D08 /* Frameworks */,
				AD20967819888B4100A45D08 /* Products */,
			);
			sourceTree = "<group>";
		};
		AD20967819888B4100A45D08 /* Products */ = {
			isa = PBXGroup;
			children = (
				AD20967719888B4100A45D08 /* UITableViewController Challenge Solution.app */,
				AD20969819888B4100A45D08 /* UITableViewController Challenge SolutionTests.xctest */,
			);
			name = Products;
			sourceTree = "<group>";
		};
		AD20967919888B4100A45D08 /* Frameworks */ = {
			isa = PBXGroup;
			children = (
				AD20967A19888B4100A45D08 /* Foundation.framework */,
				AD20967C19888B4100A45D08 /* CoreGraphics.framework */,
				AD20967E19888B4100A45D08 /* UIKit.framework */,
				AD20969919888B4100A45D08 /* XCTest.framework */,
			);
			name = Frameworks;
			sourceTree = "<group>";
		};
		AD20968019888B4100A45D08 /* UITableViewController Challenge Solution */ = {
			isa = PBXGroup;
			children = (
				AD20968919888B4100A45D08 /* MKBAppDelegate.h */,
				AD20968A19888B4100A45D08 /* MKBAppDelegate.m */,
				AD20968C19888B4100A45D08 /* Main.storyboard */,
				AD20968F19888B4100A45D08 /* MKBViewController.h */,
				AD20969019888B4100A45D08 /* MKBViewController.m */,
				AD20969219888B4100A45D08 /* Images.xcassets */,
				AD20968119888B4100A45D08 /* Supporting Files */,
			);
			path = "UITableViewController Challenge Solution";
			sourceTree = "<group>";
		};
		AD20968119888B4100A45D08 /* Supporting Files */ = {
			isa = PBXGroup;
			children = (
				AD20968219888B4100A45D08 /* UITableViewController Challenge Solution-Info.plist */,
				AD20968319888B4100A45D08 /* InfoPlist.strings */,
				AD20968619888B4100A45D08 /* main.m */,
				AD20968819888B4100A45D08 /* UITableViewController Challenge Solution-Prefix.pch */,
			);
			name = "Supporting Files";
			sourceTree = "<group>";
		};
		AD20969F19888B4100A45D08 /* UITableViewController Challenge SolutionTests */ = {
			isa = PBXGroup;
			children = (
				AD2096A519888B4100A45D08 /* UITableViewController_Challenge_SolutionTests.m */,
				AD2096A019888B4100A45D08 /* Supporting Files */,
			);
			path = "UITableViewController Challenge SolutionTests";
			sourceTree = "<group>";
		};
		AD2096A019888B4100A45D08 /* Supporting Files */ = {
			isa = PBXGroup;
			children = (
				AD2096A119888B4100A45D08 /* UITableViewController Challenge SolutionTests-Info.plist */,
				AD2096A219888B4100A45D08 /* InfoPlist.strings */,
			);
			name = "Supporting Files";
			sourceTree = "<group>";
		};
/* End PBXGroup section */

/* Begin PBXNativeTarget section */
		AD20967619888B4100A45D08 /* UITableViewController Challenge Solution */ = {
			isa = PBXNativeTarget;
			buildConfigurationList = AD2096A919888B4100A45D08 /* Build configuration list for PBXNativeTarget "UITableViewController Challenge Solution" */;
			buildPhases = (
				AD20967319888B4100A45D08 /* Sources */,
				AD20967419888B4100A45D08 /* Frameworks */,
				AD20967519888B4100A45D08 /* Resources */,
			);
			buildRules = (
			);
			dependencies = (
			);
			name = "UITableViewController Challenge Solution";
			productName = "UITableViewController Challenge Solution";
			productReference = AD20967719888B4100A45D08 /* UITableViewController Challenge Solution.app */;
			productType = "com.apple.product-type.application";
		};
		AD20969719888B4100A45D08 /* UITableViewController Challenge SolutionTests */ = {
			isa = PBXNativeTarget;
			buildConfigurationList = AD2096AC19888B4100A45D08 /* Build configuration list for PBXNativeTarget "UITableViewController Challenge SolutionTests" */;
			buildPhases = (
				AD20969419888B4100A45D08 /* Sources */,
				AD20969519888B4100A45D08 /* Frameworks */,
				AD20969619888B4100A45D08 /* Resources */,
			);
			buildRules = (
			);
			dependencies = (
				AD20969E19888B4100A45D08 /* PBXTargetDependency */,
			);
			name = "UITableViewController Challenge SolutionTests";
			productName = "UITableViewController Challenge SolutionTests";
			productReference = AD20969819888B4100A45D08 /* UITableViewController Challenge SolutionTests.xctest */;
			productType = "com.apple.product-type.bundle.unit-test";
		};
/* End PBXNativeTarget section */

/* Begin PBXProject section */
		AD20966F19888B4100A45D08 /* Project object */ = {
			isa = PBXProject;
			attributes = {
				CLASSPREFIX = MKB;
				LastUpgradeCheck = 0510;
				ORGANIZATIONNAME = "___FULLUSERNAME___";
				TargetAttributes = {
					AD20969719888B4100A45D08 = {
						TestTargetID = AD20967619888B4100A45D08;
					};
				};
			};
			buildConfigurationList = AD20967219888B4100A45D08 /* Build configuration list for PBXProject "UITableViewController Challenge Solution" */;
			compatibilityVersion = "Xcode 3.2";
			developmentRegion = English;
			hasScannedForEncodings = 0;
			knownRegions = (
				en,
				Base,
			);
			mainGroup = AD20966E19888B4100A45D08;
			productRefGroup = AD20967819888B4100A45D08 /* Products */;
			projectDirPath = "";
			projectRoot = "";
			targets = (
				AD20967619888B4100A45D08 /* UITableViewController Challenge Solution */,
				AD20969719888B4100A45D08 /* UITableViewController Challenge SolutionTests */,
			);
		};
/* End PBXProject section */

/* Begin PBXResourcesBuildPhase section */
		AD20967519888B4100A45D08 /* Resources */ = {
			isa = PBXResourcesBuildPhase;
			buildActionMask = 2147483647;
			files = (
				AD20969319888B4100A45D08 /* Images.xcassets in Resources */,
				AD20968519888B4100A45D08 /* InfoPlist.strings in Resources */,
				AD20968E19888B4100A45D08 /* Main.storyboard in Resources */,
			);
			runOnlyForDeploymentPostprocessing = 0;
		};
		AD20969619888B4100A45D08 /* Resources */ = {
			isa = PBXResourcesBuildPhase;
			buildActionMask = 2147483647;
			files = (
				AD2096A419888B4100A45D08 /* InfoPlist.strings in Resources */,
			);
			runOnlyForDeploymentPostprocessing = 0;
		};
/* End PBXResourcesBuildPhase section */

/* Begin PBXSourcesBuildPhase section */
		AD20967319888B4100A45D08 /* Sources */ = {
			isa = PBXSourcesBuildPhase;
			buildActionMask = 2147483647;
			files = (
				AD20969119888B4100A45D08 /* MKBViewController.m in Sources */,
				AD20968719888B4100A45D08 /* main.m in Sources */,
				AD20968B19888B4100A45D08 /* MKBAppDelegate.m in Sources */,
			);
			runOnlyForDeploymentPostprocessing = 0;
		};
		AD20969419888B4100A45D08 /* Sources */ = {
			isa = PBXSourcesBuildPhase;
			buildActionMask = 2147483647;
			files = (
				AD2096A619888B4100A45D08 /* UITableViewController_Challenge_SolutionTests.m in Sources */,
			);
			runOnlyForDeploymentPostprocessing = 0;
		};
/* End PBXSourcesBuildPhase section */

/* Begin PBXTargetDependency section */
		AD20969E19888B4100A45D08 /* PBXTargetDependency */ = {
			isa = PBXTargetDependency;
			target = AD20967619888B4100A45D08 /* UITableViewController Challenge Solution */;
			targetProxy = AD20969D19888B4100A45D08 /* PBXContainerItemProxy */;
		};
/* End PBXTargetDependency section */

/* Begin PBXVariantGroup section */
		AD20968319888B4100A45D08 /* InfoPlist.strings */ = {
			isa = PBXVariantGroup;
			children = (
				AD20968419888B4100A45D08 /* en */,
			);
			name = InfoPlist.strings;
			sourceTree = "<group>";
		};
		AD20968C19888B4100A45D08 /* Main.storyboard */ = {
			isa = PBXVariantGroup;
			children = (
				AD20968D19888B4100A45D08 /* Base */,
			);
			name = Main.storyboard;
			sourceTree = "<group>";
		};
		AD2096A219888B4100A45D08 /* InfoPlist.strings */ = {
			isa = PBXVariantGroup;
			children = (
				AD2096A319888B4100A45D08 /* en */,
			);
			name = InfoPlist.strings;
			sourceTree = "<group>";
		};
/* End PBXVariantGroup section */

/* Begin XCBuildConfiguration section */
		AD2096A719888B4100A45D08 /* Debug */ = {
			isa = XCBuildConfiguration;
			buildSettings = {
				ALWAYS_SEARCH_USER_PATHS = NO;
				CLANG_CXX_LANGUAGE_STANDARD = "gnu++0x";
				CLANG_CXX_LIBRARY = "libc++";
				CLANG_ENABLE_MODULES = YES;
				CLANG_ENABLE_OBJC_ARC = YES;
				CLANG_WARN_BOOL_CONVERSION = YES;
				CLANG_WARN_CONSTANT_CONVERSION = YES;
				CLANG_WARN_DIRECT_OBJC_ISA_USAGE = YES_ERROR;
				CLANG_WARN_EMPTY_BODY = YES;
				CLANG_WARN_ENUM_CONVERSION = YES;
				CLANG_WARN_INT_CONVERSION = YES;
				CLANG_WARN_OBJC_ROOT_CLASS = YES_ERROR;
				CLANG_WARN__DUPLICATE_METHOD_MATCH = YES;
				"CODE_SIGN_IDENTITY[sdk=iphoneos*]" = "iPhone Developer";
				COPY_PHASE_STRIP = NO;
				GCC_C_LANGUAGE_STANDARD = gnu99;
				GCC_DYNAMIC_NO_PIC = NO;
				GCC_OPTIMIZATION_LEVEL = 0;
				GCC_PREPROCESSOR_DEFINITIONS = (
					"DEBUG=1",
					"$(inherited)",
				);
				GCC_SYMBOLS_PRIVATE_EXTERN = NO;
				GCC_WARN_64_TO_32_BIT_CONVERSION = YES;
				GCC_WARN_ABOUT_RETURN_TYPE = YES_ERROR;
				GCC_WARN_UNDECLARED_SELECTOR = YES;
				GCC_WARN_UNINITIALIZED_AUTOS = YES_AGGRESSIVE;
				GCC_WARN_UNUSED_FUNCTION = YES;
				GCC_WARN_UNUSED_VARIABLE = YES;
				IPHONEOS_DEPLOYMENT_TARGET = 7.1;
				ONLY_ACTIVE_ARCH = YES;
				SDKROOT = iphoneos;
			};
			name = Debug;
		};
		AD2096A819888B4100A45D08 /* Release */ = {
			isa = XCBuildConfiguration;
			buildSettings = {
				ALWAYS_SEARCH_USER_PATHS = NO;
				CLANG_CXX_LANGUAGE_STANDARD = "gnu++0x";
				CLANG_CXX_LIBRARY = "libc++";
				CLANG_ENABLE_MODULES = YES;
				CLANG_ENABLE_OBJC_ARC = YES;
				CLANG_WARN_BOOL_CONVERSION = YES;
				CLANG_WARN_CONSTANT_CONVERSION = YES;
				CLANG_WARN_DIRECT_OBJC_ISA_USAGE = YES_ERROR;
				CLANG_WARN_EMPTY_BODY = YES;
				CLANG_WARN_ENUM_CONVERSION = YES;
				CLANG_WARN_INT_CONVERSION = YES;
				CLANG_WARN_OBJC_ROOT_CLASS = YES_ERROR;
				CLANG_WARN__DUPLICATE_METHOD_MATCH = YES;
				"CODE_SIGN_IDENTITY[sdk=iphoneos*]" = "iPhone Developer";
				COPY_PHASE_STRIP = YES;
				ENABLE_NS_ASSERTIONS = NO;
				GCC_C_LANGUAGE_STANDARD = gnu99;
				GCC_WARN_64_TO_32_BIT_CONVERSION = YES;
				GCC_WARN_ABOUT_RETURN_TYPE = YES_ERROR;
				GCC_WARN_UNDECLARED_SELECTOR = YES;
				GCC_WARN_UNINITIALIZED_AUTOS = YES_AGGRESSIVE;
				GCC_WARN_UNUSED_FUNCTION = YES;
				GCC_WARN_UNUSED_VARIABLE = YES;
				IPHONEOS_DEPLOYMENT_TARGET = 7.1;
				SDKROOT = iphoneos;
				VALIDATE_PRODUCT = YES;
			};
			name = Release;
		};
		AD2096AA19888B4100A45D08 /* Debug */ = {
			isa = XCBuildConfiguration;
			buildSettings = {
				ASSETCATALOG_COMPILER_APPICON_NAME = AppIcon;
				ASSETCATALOG_COMPILER_LAUNCHIMAGE_NAME = LaunchImage;
				GCC_PRECOMPILE_PREFIX_HEADER = YES;
				GCC_PREFIX_HEADER = "UITableViewController Challenge Solution/UITableViewController Challenge Solution-Prefix.pch";
				INFOPLIST_FILE = "UITableViewController Challenge Solution/UITableViewController Challenge Solution-Info.plist";
				PRODUCT_NAME = "$(TARGET_NAME)";
				WRAPPER_EXTENSION = app;
			};
			name = Debug;
		};
		AD2096AB19888B4100A45D08 /* Release */ = {
			isa = XCBuildConfiguration;
			buildSettings = {
				ASSETCATALOG_COMPILER_APPICON_NAME = AppIcon;
				ASSETCATALOG_COMPILER_LAUNCHIMAGE_NAME = LaunchImage;
				GCC_PRECOMPILE_PREFIX_HEADER = YES;
				GCC_PREFIX_HEADER = "UITableViewController Challenge Solution/UITableViewController Challenge Solution-Prefix.pch";
				INFOPLIST_FILE = "UITableViewController Challenge Solution/UITableViewController Challenge Solution-Info.plist";
				PRODUCT_NAME = "$(TARGET_NAME)";
				WRAPPER_EXTENSION = app;
			};
			name = Release;
		};
		AD2096AD19888B4100A45D08 /* Debug */ = {
			isa = XCBuildConfiguration;
			buildSettings = {
				BUNDLE_LOADER = "$(BUILT_PRODUCTS_DIR)/UITableViewController Challenge Solution.app/UITableViewController Challenge Solution";
				FRAMEWORK_SEARCH_PATHS = (
					"$(SDKROOT)/Developer/Library/Frameworks",
					"$(inherited)",
					"$(DEVELOPER_FRAMEWORKS_DIR)",
				);
				GCC_PRECOMPILE_PREFIX_HEADER = YES;
				GCC_PREFIX_HEADER = "UITableViewController Challenge Solution/UITableViewController Challenge Solution-Prefix.pch";
				GCC_PREPROCESSOR_DEFINITIONS = (
					"DEBUG=1",
					"$(inherited)",
				);
				INFOPLIST_FILE = "UITableViewController Challenge SolutionTests/UITableViewController Challenge SolutionTests-Info.plist";
				PRODUCT_NAME = "$(TARGET_NAME)";
				TEST_HOST = "$(BUNDLE_LOADER)";
				WRAPPER_EXTENSION = xctest;
			};
			name = Debug;
		};
		AD2096AE19888B4100A45D08 /* Release */ = {
			isa = XCBuildConfiguration;
			buildSettings = {
				BUNDLE_LOADER = "$(BUILT_PRODUCTS_DIR)/UITableViewController Challenge Solution.app/UITableViewController Challenge Solution";
				FRAMEWORK_SEARCH_PATHS = (
					"$(SDKROOT)/Developer/Library/Frameworks",
					"$(inherited)",
					"$(DEVELOPER_FRAMEWORKS_DIR)",
				);
				GCC_PRECOMPILE_PREFIX_HEADER = YES;
				GCC_PREFIX_HEADER = "UITableViewController Challenge Solution/UITableViewController Challenge Solution-Prefix.pch";
				INFOPLIST_FILE = "UITableViewController Challenge SolutionTests/UITableViewController Challenge SolutionTests-Info.plist";
				PRODUCT_NAME = "$(TARGET_NAME)";
				TEST_HOST = "$(BUNDLE_LOADER)";
				WRAPPER_EXTENSION = xctest;
			};
			name = Release;
		};
/* End XCBuildConfiguration section */

/* Begin XCConfigurationList section */
		AD20967219888B4100A45D08 /* Build configuration list for PBXProject "UITableViewController Challenge Solution" */ = {
			isa = XCConfigurationList;
			buildConfigurations = (
				AD2096A719888B4100A45D08 /* Debug */,
				AD2096A819888B4100A45D08 /* Release */,
			);
			defaultConfigurationIsVisible = 0;
			defaultConfigurationName = Release;
		};
		AD2096A919888B4100A45D08 /* Build configuration list for PBXNativeTarget "UITableViewController Challenge Solution" */ = {
			isa = XCConfigurationList;
			buildConfigurations = (
				AD2096AA19888B4100A45D08 /* Debug */,
				AD2096AB19888B4100A45D08 /* Release */,
			);
			defaultConfigurationIsVisible = 0;
		};
		AD2096AC19888B4100A45D08 /* Build configuration list for PBXNativeTarget "UITableViewController Challenge SolutionTests" */ = {
			isa = XCConfigurationList;
			buildConfigurations = (
				AD2096AD19888B4100A45D08 /* Debug */,
				AD2096AE19888B4100A45D08 /* Release */,
			);
			defaultConfigurationIsVisible = 0;
		};
/* End XCConfigurationList section */
	};
	rootObject = AD20966F19888B4100A45D08 /* Project object */;
}
